
Microsoft Visual Studio Solution File, Format Version 12.00
# Visual Studio 2017
Project("{FAE04EC0-301F-11D3-BF4B-00C04F79EFBC}") = "Forensics Crime Scene", "Forensics Crime Scene.csproj", "{53A30597-FE93-1E62-4659-C33007252FBF}"
EndProject
Project("{FAE04EC0-301F-11D3-BF4B-00C04F79EFBC}") = "Forensics Crime Scene.Editor", "Forensics Crime Scene.Editor.csproj", "{33ADF408-5267-D677-10AA-943922F8875B}"
EndProject
Global
	GlobalSection(SolutionConfigurationPlatforms) = preSolution
		Debug|Any CPU = Debug|Any CPU
		Release|Any CPU = Release|Any CPU
	EndGlobalSection
	GlobalSection(ProjectConfigurationPlatforms) = postSolution
		{53A30597-FE93-1E62-4659-C33007252FBF}.Debug|Any CPU.ActiveCfg = Debug|Any CPU
		{53A30597-FE93-1E62-4659-C33007252FBF}.Debug|Any CPU.Build.0 = Debug|Any CPU
		{53A30597-FE93-1E62-4659-C33007252FBF}.Release|Any CPU.ActiveCfg = Release|Any CPU
		{53A30597-FE93-1E62-4659-C33007252FBF}.Release|Any CPU.Build.0 = Release|Any CPU
		{33ADF408-5267-D677-10AA-943922F8875B}.Debug|Any CPU.ActiveCfg = Debug|Any CPU
		{33ADF408-5267-D677-10AA-943922F8875B}.Debug|Any CPU.Build.0 = Debug|Any CPU
		{33ADF408-5267-D677-10AA-943922F8875B}.Release|Any CPU.ActiveCfg = Release|Any CPU
		{33ADF408-5267-D677-10AA-943922F8875B}.Release|Any CPU.Build.0 = Release|Any CPU
	EndGlobalSection
	GlobalSection(SolutionProperties) = preSolution
		HideSolutionNode = FALSE
	EndGlobalSection
EndGlobal
